{
  "nodes": {
    "nixpkgs": {
      "locked": {
        "lastModified": 0,
        "narHash": "sha256-sjiGsMh+1cWXb53Tecsm4skyFNag33GPbVgCdfj3n9I=",
        "path": "/nix/store/l3amk5lsakpc93him5kry24kax23sn4h-source",
        "type": "path"
      },
      "original": {
        "id": "nixpkgs",
        "type": "indirect"
      }
    },
    "root": {
      "inputs": {
        "nixpkgs": "nixpkgs"
      }
    }
  },
  "root": "root",
  "version": 7
}
